
Microsoft Visual Studio Solution File, Format Version 12.00
# Visual Studio Version 16
VisualStudioVersion = 16.0.30309.148
MinimumVisualStudioVersion = 10.0.40219.1
Project("{9A19103F-16F7-4668-BE54-9A1E7A4F7556}") = "NetWebDev-Client", "..\OneDrive - Waukesha County Technical College\.Net Web Development\NetWebDev-Client\NetWebDev-Client\NetWebDev-Client.csproj", "{EEEB88CE-5F3A-40AE-9F89-D4FA5AC83B54}"
EndProject
Global
	GlobalSection(SolutionConfigurationPlatforms) = preSolution
		Debug|Any CPU = Debug|Any CPU
		Release|Any CPU = Release|Any CPU
	EndGlobalSection
	GlobalSection(ProjectConfigurationPlatforms) = postSolution
		{EEEB88CE-5F3A-40AE-9F89-D4FA5AC83B54}.Debug|Any CPU.ActiveCfg = Debug|Any CPU
		{EEEB88CE-5F3A-40AE-9F89-D4FA5AC83B54}.Debug|Any CPU.Build.0 = Debug|Any CPU
		{EEEB88CE-5F3A-40AE-9F89-D4FA5AC83B54}.Release|Any CPU.ActiveCfg = Release|Any CPU
		{EEEB88CE-5F3A-40AE-9F89-D4FA5AC83B54}.Release|Any CPU.Build.0 = Release|Any CPU
	EndGlobalSection
	GlobalSection(SolutionProperties) = preSolution
		HideSolutionNode = FALSE
	EndGlobalSection
	GlobalSection(ExtensibilityGlobals) = postSolution
		SolutionGuid = {D377E451-5F9B-4F40-8C89-1D0067938D99}
	EndGlobalSection
EndGlobal
